{
  "name": "agent_trade",
  "lockfileVersion": 3,
  "requires": true,
  "packages": {
    "": {
      "dependencies": {
        "dotenv": "^17.4.2",
        "numpy": "^0.0.1",
        "tqdm": "^2.0.3"
      }
    },
    "node_modules/dotenv": {
      "version": "17.4.2",
      "resolved": "https://registry.npmjs.org/dotenv/-/dotenv-17.4.2.tgz",
      "integrity": "sha512-nI4U3TottKAcAD9LLud4Cb7b2QztQMUEfHbvhTH09bqXTxnSie8WnjPALV/WMCrJZ6UV/qHJ6L03OqO3LcdYZw==",
      "license": "BSD-2-Clause",
      "engines": {
        "node": ">=12"
      },
      "funding": {
        "url": "https://dotenvx.com"
      }
    },
    "node_modules/numpy": {
      "version": "0.0.1",
      "resolved": "https://registry.npmjs.org/numpy/-/numpy-0.0.1.tgz",
      "integrity": "sha512-HPoSFyRtH4dRUGjI6bzeVKgfOeNtIAWLvVWMqbaNGmWKE+npdnZ6L78TEJELgZBb+9XpL6r16vOz1jaQ7YVI7Q==",
      "license": "MIT"
    },
    "node_modules/tqdm": {
      "version": "2.0.3",
      "resolved": "https://registry.npmjs.org/tqdm/-/tqdm-2.0.3.tgz",
      "integrity": "sha512-Ju50G550gspkjd1AiJ/jFBHe2dii9s+KPntEsq0o73BqywqzNWPUM8/FD3zM1rOH7OGLoH7pGSGI90Ct+Yd/5Q==",
      "license": "ISC"
    }
  }
}
